# Lockfile v4
# This file is automatically generated by Wapm.
# It is not intended for manual editing. The schema of this file may change.
[modules."torch2424/wasmerboy"."0.1.0".wasmerboy]
name = "wasmerboy"
package_version = "0.1.0"
package_name = "torch2424/wasmerboy"
package_path = "torch2424/wasmerboy@0.1.0"
resolved = "local"
resolved_source = "local"
abi = "wasi"
source = "dist/wasmerboy.wasm"
prehashed_module_key = "24090508478d812c46bddd332bea140727511339e45b53aaa86e5dfd16d9a3011970b10d3af396564ca2af2981f00ce16a0c28881c9ecc023aa1f4083fad78ac"
[commands.wasmerboy]
name = "wasmerboy"
package_name = "torch2424/wasmerboy"
package_version = "0.1.0"
module = "wasmerboy"
is_top_level_dependency = true
