# Lockfile v4
# This file is automatically generated by Wapm.
# It is not intended for manual editing. The schema of this file may change.
[modules.wasmerboy."0.0.1".wasmerboy]
name = "wasmerboy"
package_version = "0.0.1"
package_name = "wasmerboy"
package_path = "wasmerboy@0.0.1"
resolved = "local"
resolved_source = "local"
abi = "wasi"
source = "../../dist/wasmerboy/wasmerboy.wasm"
prehashed_module_key = "668613b3f2865b26640a164153fc84e69d48b13f846dfe3b778b76243ec9089afc40080e4bd28657fd13fb0d54206609733ff7eb3542b8f544ae1447cc0672a3"
[commands.wasmerboy]
name = "wasmerboy"
package_name = "wasmerboy"
package_version = "0.0.1"
module = "wasmerboy"
is_top_level_dependency = true
